{
  "version": 4,
  "terraform_version": "1.12.2",
  "serial": 4,
  "lineage": "62efe2e8-03dc-9266-ec8f-0db390e47c1a",
  "outputs": {
    "vm_inventory": {
      "value": {
        "app-terraform": {
          "ansible_user": "ubuntu",
          "ip": "172.20.10.190",
          "name": "app-terraform",
          "role": "application"
        },
        "monitoring-terraform": {
          "ansible_user": "ubuntu",
          "ip": "172.20.10.191",
          "name": "monitoring-terraform",
          "role": "monitoring"
        }
      },
      "type": [
        "object",
        {
          "app-terraform": [
            "object",
            {
              "ansible_user": "string",
              "ip": "string",
              "name": "string",
              "role": "string"
            }
          ],
          "monitoring-terraform": [
            "object",
            {
              "ansible_user": "string",
              "ip": "string",
              "name": "string",
              "role": "string"
            }
          ]
        }
      ]
    },
    "vm_ips": {
      "value": {
        "app-terraform": "172.20.10.190",
        "monitoring-terraform": "172.20.10.191"
      },
      "type": [
        "object",
        {
          "app-terraform": "string",
          "monitoring-terraform": "string"
        }
      ]
    }
  },
  "resources": [
    {
      "mode": "managed",
      "type": "null_resource",
      "name": "generate_inventory",
      "provider": "provider[\"registry.terraform.io/hashicorp/null\"]",
      "instances": [
        {
          "schema_version": 0,
          "attributes": {
            "id": "7733518648036219593",
            "triggers": null
          },
          "sensitive_attributes": [],
          "identity_schema_version": 0,
          "dependencies": [
            "module.vm.esxi_guest.vm"
          ]
        }
      ]
    },
    {
      "module": "module.vm[\"app-terraform\"]",
      "mode": "managed",
      "type": "esxi_guest",
      "name": "vm",
      "provider": "provider[\"registry.terraform.io/josenk/esxi\"]",
      "instances": [
        {
          "schema_version": 0,
          "attributes": {
            "boot_disk_size": "40",
            "boot_disk_type": "thin",
            "boot_firmware": "bios",
            "clone_from_vm": "templateVM",
            "disk_store": "datastore1",
            "guest_name": "app-terraform",
            "guest_shutdown_timeout": 20,
            "guest_startup_timeout": 120,
            "guestinfo": {
              "metadata": "eyJpbnN0YW5jZS1pZCI6ImFwcC10ZXJyYWZvcm0iLCJsb2NhbC1ob3N0bmFtZSI6ImFwcC10ZXJyYWZvcm0iLCJuZXR3b3JrIjp7ImV0aGVybmV0cyI6eyJlbnMxNjAiOnsiYWRkcmVzc2VzIjpbIjE3Mi4yMC4xMC4xOTAvMjQiXSwiZ2F0ZXdheTQiOiIxNzIuMjAuMTAuMSIsIm5hbWVzZXJ2ZXJzIjp7ImFkZHJlc3NlcyI6WyI4LjguOC44IiwiMS4xLjEuMSJdfX19LCJ2ZXJzaW9uIjoyfX0=",
              "metadata.encoding": "base64"
            },
            "guestos": "ubuntu-64",
            "host_ovf": null,
            "id": "31",
            "ip_address": "172.20.10.190",
            "memsize": "4096",
            "network_interfaces": [
              {
                "mac_address": "",
                "nic_type": "vmxnet3",
                "virtual_network": "VM Network"
              }
            ],
            "notes": "Role: application, Managed by Terraform",
            "numvcpus": "4",
            "ovf_properties": [],
            "ovf_properties_timer": 90,
            "ovf_source": null,
            "power": "on",
            "resource_pool_name": "/",
            "virthwver": "19",
            "virtual_disks": []
          },
          "sensitive_attributes": [],
          "identity_schema_version": 0,
          "private": "bnVsbA=="
        }
      ]
    },
    {
      "module": "module.vm[\"monitoring-terraform\"]",
      "mode": "managed",
      "type": "esxi_guest",
      "name": "vm",
      "provider": "provider[\"registry.terraform.io/josenk/esxi\"]",
      "instances": [
        {
          "schema_version": 0,
          "attributes": {
            "boot_disk_size": "40",
            "boot_disk_type": "thin",
            "boot_firmware": "bios",
            "clone_from_vm": "templateVM",
            "disk_store": "datastore1",
            "guest_name": "monitoring-terraform",
            "guest_shutdown_timeout": 20,
            "guest_startup_timeout": 120,
            "guestinfo": {
              "metadata": "eyJpbnN0YW5jZS1pZCI6Im1vbml0b3JpbmctdGVycmFmb3JtIiwibG9jYWwtaG9zdG5hbWUiOiJtb25pdG9yaW5nLXRlcnJhZm9ybSIsIm5ldHdvcmsiOnsiZXRoZXJuZXRzIjp7ImVuczE2MCI6eyJhZGRyZXNzZXMiOlsiMTcyLjIwLjEwLjE5MS8yNCJdLCJnYXRld2F5NCI6IjE3Mi4yMC4xMC4xIiwibmFtZXNlcnZlcnMiOnsiYWRkcmVzc2VzIjpbIjguOC44LjgiLCIxLjEuMS4xIl19fX0sInZlcnNpb24iOjJ9fQ==",
              "metadata.encoding": "base64"
            },
            "guestos": "ubuntu-64",
            "host_ovf": null,
            "id": "30",
            "ip_address": "172.20.10.191",
            "memsize": "4096",
            "network_interfaces": [
              {
                "mac_address": "",
                "nic_type": "vmxnet3",
                "virtual_network": "VM Network"
              }
            ],
            "notes": "Role: monitoring, Managed by Terraform",
            "numvcpus": "4",
            "ovf_properties": [],
            "ovf_properties_timer": 90,
            "ovf_source": null,
            "power": "on",
            "resource_pool_name": "/",
            "virthwver": "19",
            "virtual_disks": []
          },
          "sensitive_attributes": [],
          "identity_schema_version": 0,
          "private": "bnVsbA=="
        }
      ]
    }
  ],
  "check_results": null
}
